
Microsoft Visual Studio Solution File, Format Version 12.00
# Visual Studio Version 16
VisualStudioVersion = 16.0.32901.82
MinimumVisualStudioVersion = 10.0.40219.1
Project("{FAE04EC0-301F-11D3-BF4B-00C04F79EFBC}") = "JTest1", "JTest1.csproj", "{563E665B-F6A8-47EE-BA5D-402E9752D00C}"
EndProject
Global
	GlobalSection(SolutionConfigurationPlatforms) = preSolution
		Debug|Any CPU = Debug|Any CPU
		Release|Any CPU = Release|Any CPU
	EndGlobalSection
	GlobalSection(ProjectConfigurationPlatforms) = postSolution
		{563E665B-F6A8-47EE-BA5D-402E9752D00C}.Debug|Any CPU.ActiveCfg = Debug|Any CPU
		{563E665B-F6A8-47EE-BA5D-402E9752D00C}.Debug|Any CPU.Build.0 = Debug|Any CPU
		{563E665B-F6A8-47EE-BA5D-402E9752D00C}.Release|Any CPU.ActiveCfg = Release|Any CPU
		{563E665B-F6A8-47EE-BA5D-402E9752D00C}.Release|Any CPU.Build.0 = Release|Any CPU
	EndGlobalSection
	GlobalSection(SolutionProperties) = preSolution
		HideSolutionNode = FALSE
	EndGlobalSection
	GlobalSection(ExtensibilityGlobals) = postSolution
		SolutionGuid = {87365CB4-DC25-4AD9-9A61-A30E4C8344CB}
	EndGlobalSection
EndGlobal
